
Microsoft Visual Studio Solution File, Format Version 12.00
# Visual Studio Version 17
VisualStudioVersion = 17.3.32811.315
MinimumVisualStudioVersion = 10.0.40219.1
Project("{FAE04EC0-301F-11D3-BF4B-00C04F79EFBC}") = "olhodetigre", "olhodetigre\olhodetigre.csproj", "{7F3E08CD-BE7C-4F97-A11B-2F8D6C7B4BD9}"
EndProject
Global
	GlobalSection(SolutionConfigurationPlatforms) = preSolution
		Debug|Any CPU = Debug|Any CPU
		Release|Any CPU = Release|Any CPU
	EndGlobalSection
	GlobalSection(ProjectConfigurationPlatforms) = postSolution
		{7F3E08CD-BE7C-4F97-A11B-2F8D6C7B4BD9}.Debug|Any CPU.ActiveCfg = Debug|Any CPU
		{7F3E08CD-BE7C-4F97-A11B-2F8D6C7B4BD9}.Debug|Any CPU.Build.0 = Debug|Any CPU
		{7F3E08CD-BE7C-4F97-A11B-2F8D6C7B4BD9}.Release|Any CPU.ActiveCfg = Release|Any CPU
		{7F3E08CD-BE7C-4F97-A11B-2F8D6C7B4BD9}.Release|Any CPU.Build.0 = Release|Any CPU
	EndGlobalSection
	GlobalSection(SolutionProperties) = preSolution
		HideSolutionNode = FALSE
	EndGlobalSection
	GlobalSection(ExtensibilityGlobals) = postSolution
		SolutionGuid = {05219117-33DC-4F54-82B4-E07ED684536B}
	EndGlobalSection
EndGlobal
